
Microsoft Visual Studio Solution File, Format Version 12.00
# Visual Studio Version 16
VisualStudioVersion = 16.0.28803.352
MinimumVisualStudioVersion = 10.0.40219.1
Project("{FAE04EC0-301F-11D3-BF4B-00C04F79EFBC}") = "Lab9", "Lab9\Lab9.csproj", "{F648C971-D60D-4811-8C17-248680EA66A4}"
EndProject
Global
	GlobalSection(SolutionConfigurationPlatforms) = preSolution
		Debug|Any CPU = Debug|Any CPU
		Release|Any CPU = Release|Any CPU
	EndGlobalSection
	GlobalSection(ProjectConfigurationPlatforms) = postSolution
		{F648C971-D60D-4811-8C17-248680EA66A4}.Debug|Any CPU.ActiveCfg = Debug|Any CPU
		{F648C971-D60D-4811-8C17-248680EA66A4}.Debug|Any CPU.Build.0 = Debug|Any CPU
		{F648C971-D60D-4811-8C17-248680EA66A4}.Release|Any CPU.ActiveCfg = Release|Any CPU
		{F648C971-D60D-4811-8C17-248680EA66A4}.Release|Any CPU.Build.0 = Release|Any CPU
	EndGlobalSection
	GlobalSection(SolutionProperties) = preSolution
		HideSolutionNode = FALSE
	EndGlobalSection
	GlobalSection(ExtensibilityGlobals) = postSolution
		SolutionGuid = {CB83F94C-B42B-45F4-91F6-62400FAFBC3A}
	EndGlobalSection
EndGlobal
