
Microsoft Visual Studio Solution File, Format Version 12.00
# Visual Studio Version 16
VisualStudioVersion = 16.0.28803.352
MinimumVisualStudioVersion = 10.0.40219.1
Project("{FAE04EC0-301F-11D3-BF4B-00C04F79EFBC}") = "Lab8", "Lab8\Lab8.csproj", "{94B30FAA-17A9-4011-8C5A-0C59495588E3}"
EndProject
Global
	GlobalSection(SolutionConfigurationPlatforms) = preSolution
		Debug|Any CPU = Debug|Any CPU
		Release|Any CPU = Release|Any CPU
	EndGlobalSection
	GlobalSection(ProjectConfigurationPlatforms) = postSolution
		{94B30FAA-17A9-4011-8C5A-0C59495588E3}.Debug|Any CPU.ActiveCfg = Debug|Any CPU
		{94B30FAA-17A9-4011-8C5A-0C59495588E3}.Debug|Any CPU.Build.0 = Debug|Any CPU
		{94B30FAA-17A9-4011-8C5A-0C59495588E3}.Release|Any CPU.ActiveCfg = Release|Any CPU
		{94B30FAA-17A9-4011-8C5A-0C59495588E3}.Release|Any CPU.Build.0 = Release|Any CPU
	EndGlobalSection
	GlobalSection(SolutionProperties) = preSolution
		HideSolutionNode = FALSE
	EndGlobalSection
	GlobalSection(ExtensibilityGlobals) = postSolution
		SolutionGuid = {B5772F8A-5F06-427B-BB61-C7F02631559F}
	EndGlobalSection
EndGlobal
