
Microsoft Visual Studio Solution File, Format Version 12.00
# Visual Studio Version 16
VisualStudioVersion = 16.0.28803.352
MinimumVisualStudioVersion = 10.0.40219.1
Project("{FAE04EC0-301F-11D3-BF4B-00C04F79EFBC}") = "Lab7", "Lab7\Lab7.csproj", "{EF0E2540-A387-46EC-B123-5886496918C3}"
EndProject
Global
	GlobalSection(SolutionConfigurationPlatforms) = preSolution
		Debug|Any CPU = Debug|Any CPU
		Release|Any CPU = Release|Any CPU
	EndGlobalSection
	GlobalSection(ProjectConfigurationPlatforms) = postSolution
		{EF0E2540-A387-46EC-B123-5886496918C3}.Debug|Any CPU.ActiveCfg = Debug|Any CPU
		{EF0E2540-A387-46EC-B123-5886496918C3}.Debug|Any CPU.Build.0 = Debug|Any CPU
		{EF0E2540-A387-46EC-B123-5886496918C3}.Release|Any CPU.ActiveCfg = Release|Any CPU
		{EF0E2540-A387-46EC-B123-5886496918C3}.Release|Any CPU.Build.0 = Release|Any CPU
	EndGlobalSection
	GlobalSection(SolutionProperties) = preSolution
		HideSolutionNode = FALSE
	EndGlobalSection
	GlobalSection(ExtensibilityGlobals) = postSolution
		SolutionGuid = {3C60648A-D8F4-4719-9AF4-4C8CCC1E46D8}
	EndGlobalSection
EndGlobal
